
Microsoft Visual Studio Solution File, Format Version 12.00
# Visual Studio Version 17
VisualStudioVersion = 17.8.34316.72
MinimumVisualStudioVersion = 10.0.40219.1
Project("{9A19103F-16F7-4668-BE54-9A1E7A4F7556}") = "COMP72070_Section3_Group1", "COMP72070_Section3_Group1\COMP72070_Section3_Group1.csproj", "{B7D11ED7-8D46-4848-94F7-8628BC0C797E}"
EndProject
Project("{9A19103F-16F7-4668-BE54-9A1E7A4F7556}") = "TcpServer", "TcpServer\TcpServer.csproj", "{10D54F08-248A-430B-8D40-C6C18E2E9FC3}"
EndProject
Project("{00D1A9C2-B5F0-4AF3-8072-F6C62B433612}") = "Posts_DB", "Posts_DB\Posts_DB.sqlproj", "{CA1749AA-36E9-45BC-8C5F-9A0198A2DB66}"
EndProject
Project("{FAE04EC0-301F-11D3-BF4B-00C04F79EFBC}") = "AstroServer", "AstroServer\AstroServer.csproj", "{7CDC6503-CD10-47BB-B7FA-B03DF8A3D69B}"
EndProject
Global
	GlobalSection(SolutionConfigurationPlatforms) = preSolution
		Debug|Any CPU = Debug|Any CPU
		Release|Any CPU = Release|Any CPU
	EndGlobalSection
	GlobalSection(ProjectConfigurationPlatforms) = postSolution
		{B7D11ED7-8D46-4848-94F7-8628BC0C797E}.Debug|Any CPU.ActiveCfg = Debug|Any CPU
		{B7D11ED7-8D46-4848-94F7-8628BC0C797E}.Debug|Any CPU.Build.0 = Debug|Any CPU
		{B7D11ED7-8D46-4848-94F7-8628BC0C797E}.Release|Any CPU.ActiveCfg = Release|Any CPU
		{B7D11ED7-8D46-4848-94F7-8628BC0C797E}.Release|Any CPU.Build.0 = Release|Any CPU
		{10D54F08-248A-430B-8D40-C6C18E2E9FC3}.Debug|Any CPU.ActiveCfg = Debug|Any CPU
		{10D54F08-248A-430B-8D40-C6C18E2E9FC3}.Debug|Any CPU.Build.0 = Debug|Any CPU
		{10D54F08-248A-430B-8D40-C6C18E2E9FC3}.Release|Any CPU.ActiveCfg = Release|Any CPU
		{10D54F08-248A-430B-8D40-C6C18E2E9FC3}.Release|Any CPU.Build.0 = Release|Any CPU
		{CA1749AA-36E9-45BC-8C5F-9A0198A2DB66}.Debug|Any CPU.ActiveCfg = Debug|Any CPU
		{CA1749AA-36E9-45BC-8C5F-9A0198A2DB66}.Debug|Any CPU.Build.0 = Debug|Any CPU
		{CA1749AA-36E9-45BC-8C5F-9A0198A2DB66}.Debug|Any CPU.Deploy.0 = Debug|Any CPU
		{CA1749AA-36E9-45BC-8C5F-9A0198A2DB66}.Release|Any CPU.ActiveCfg = Release|Any CPU
		{CA1749AA-36E9-45BC-8C5F-9A0198A2DB66}.Release|Any CPU.Build.0 = Release|Any CPU
		{CA1749AA-36E9-45BC-8C5F-9A0198A2DB66}.Release|Any CPU.Deploy.0 = Release|Any CPU
		{7CDC6503-CD10-47BB-B7FA-B03DF8A3D69B}.Debug|Any CPU.ActiveCfg = Debug|Any CPU
		{7CDC6503-CD10-47BB-B7FA-B03DF8A3D69B}.Debug|Any CPU.Build.0 = Debug|Any CPU
		{7CDC6503-CD10-47BB-B7FA-B03DF8A3D69B}.Release|Any CPU.ActiveCfg = Release|Any CPU
		{7CDC6503-CD10-47BB-B7FA-B03DF8A3D69B}.Release|Any CPU.Build.0 = Release|Any CPU
	EndGlobalSection
	GlobalSection(SolutionProperties) = preSolution
		HideSolutionNode = FALSE
	EndGlobalSection
	GlobalSection(ExtensibilityGlobals) = postSolution
		SolutionGuid = {AD82B1A4-32BF-4837-8850-FA29B4CAD589}
	EndGlobalSection
EndGlobal
