
Microsoft Visual Studio Solution File, Format Version 12.00
# Visual Studio Version 17
VisualStudioVersion = 17.8.34316.72
MinimumVisualStudioVersion = 10.0.40219.1
Project("{9A19103F-16F7-4668-BE54-9A1E7A4F7556}") = "COMP72070_Section3_Group1", "COMP72070_Section3_Group1\COMP72070_Section3_Group1.csproj", "{B7D11ED7-8D46-4848-94F7-8628BC0C797E}"
EndProject
Project("{9A19103F-16F7-4668-BE54-9A1E7A4F7556}") = "TcpServer", "TcpServer\TcpServer.csproj", "{10D54F08-248A-430B-8D40-C6C18E2E9FC3}"
EndProject
Project("{9A19103F-16F7-4668-BE54-9A1E7A4F7556}") = "ClientTest", "ClientTests\ClientTest.csproj", "{B9283AF9-5424-444F-9A5D-1E6C006DA0C6}"
EndProject
Project("{9A19103F-16F7-4668-BE54-9A1E7A4F7556}") = "ServerTest", "ServerTest\ServerTest.csproj", "{4AAC1F6D-B0EA-4258-B0FF-FB03223425B9}"
EndProject
Project("{9A19103F-16F7-4668-BE54-9A1E7A4F7556}") = "SystemTest", "SystemTest\SystemTest.csproj", "{8D1A439A-143C-4E96-B869-4FAD69293AD1}"
EndProject
Project("{9A19103F-16F7-4668-BE54-9A1E7A4F7556}") = "ModelsTest", "VisitorTest\ModelsTest.csproj", "{336AF751-E509-4ED2-96E6-775C817C510A}"
EndProject
Global
	GlobalSection(SolutionConfigurationPlatforms) = preSolution
		Debug|Any CPU = Debug|Any CPU
		Release|Any CPU = Release|Any CPU
	EndGlobalSection
	GlobalSection(ProjectConfigurationPlatforms) = postSolution
		{B7D11ED7-8D46-4848-94F7-8628BC0C797E}.Debug|Any CPU.ActiveCfg = Debug|Any CPU
		{B7D11ED7-8D46-4848-94F7-8628BC0C797E}.Debug|Any CPU.Build.0 = Debug|Any CPU
		{B7D11ED7-8D46-4848-94F7-8628BC0C797E}.Release|Any CPU.ActiveCfg = Release|Any CPU
		{B7D11ED7-8D46-4848-94F7-8628BC0C797E}.Release|Any CPU.Build.0 = Release|Any CPU
		{10D54F08-248A-430B-8D40-C6C18E2E9FC3}.Debug|Any CPU.ActiveCfg = Debug|Any CPU
		{10D54F08-248A-430B-8D40-C6C18E2E9FC3}.Debug|Any CPU.Build.0 = Debug|Any CPU
		{10D54F08-248A-430B-8D40-C6C18E2E9FC3}.Release|Any CPU.ActiveCfg = Release|Any CPU
		{10D54F08-248A-430B-8D40-C6C18E2E9FC3}.Release|Any CPU.Build.0 = Release|Any CPU
		{B9283AF9-5424-444F-9A5D-1E6C006DA0C6}.Debug|Any CPU.ActiveCfg = Debug|Any CPU
		{B9283AF9-5424-444F-9A5D-1E6C006DA0C6}.Debug|Any CPU.Build.0 = Debug|Any CPU
		{B9283AF9-5424-444F-9A5D-1E6C006DA0C6}.Release|Any CPU.ActiveCfg = Release|Any CPU
		{B9283AF9-5424-444F-9A5D-1E6C006DA0C6}.Release|Any CPU.Build.0 = Release|Any CPU
		{4AAC1F6D-B0EA-4258-B0FF-FB03223425B9}.Debug|Any CPU.ActiveCfg = Debug|Any CPU
		{4AAC1F6D-B0EA-4258-B0FF-FB03223425B9}.Debug|Any CPU.Build.0 = Debug|Any CPU
		{4AAC1F6D-B0EA-4258-B0FF-FB03223425B9}.Release|Any CPU.ActiveCfg = Release|Any CPU
		{4AAC1F6D-B0EA-4258-B0FF-FB03223425B9}.Release|Any CPU.Build.0 = Release|Any CPU
		{8D1A439A-143C-4E96-B869-4FAD69293AD1}.Debug|Any CPU.ActiveCfg = Debug|Any CPU
		{8D1A439A-143C-4E96-B869-4FAD69293AD1}.Debug|Any CPU.Build.0 = Debug|Any CPU
		{8D1A439A-143C-4E96-B869-4FAD69293AD1}.Release|Any CPU.ActiveCfg = Release|Any CPU
		{8D1A439A-143C-4E96-B869-4FAD69293AD1}.Release|Any CPU.Build.0 = Release|Any CPU
		{336AF751-E509-4ED2-96E6-775C817C510A}.Debug|Any CPU.ActiveCfg = Debug|Any CPU
		{336AF751-E509-4ED2-96E6-775C817C510A}.Debug|Any CPU.Build.0 = Debug|Any CPU
		{336AF751-E509-4ED2-96E6-775C817C510A}.Release|Any CPU.ActiveCfg = Release|Any CPU
		{336AF751-E509-4ED2-96E6-775C817C510A}.Release|Any CPU.Build.0 = Release|Any CPU
	EndGlobalSection
	GlobalSection(SolutionProperties) = preSolution
		HideSolutionNode = FALSE
	EndGlobalSection
	GlobalSection(ExtensibilityGlobals) = postSolution
		SolutionGuid = {AD82B1A4-32BF-4837-8850-FA29B4CAD589}
	EndGlobalSection
EndGlobal
